// !$*UTF8*$!
{
	archiveVersion = 1;
	classes = {
	};
	objectVersion = 51;
	objects = {

/* Begin PBXBuildFile section */
		52C8521004250BBFE71E6241 /* Pods_iPhoneSettings.framework in Frameworks */ = {isa = PBXBuildFile; fileRef = 1FAFEC76117E93B514820D0A /* Pods_iPhoneSettings.framework */; };
		52E6FB8C25D6BF78005C5581 /* AppDelegate.swift in Sources */ = {isa = PBXBuildFile; fileRef = 52E6FB8B25D6BF78005C5581 /* AppDelegate.swift */; };
		52E6FB8E25D6BF78005C5581 /* SceneDelegate.swift in Sources */ = {isa = PBXBuildFile; fileRef = 52E6FB8D25D6BF78005C5581 /* SceneDelegate.swift */; };
		52E6FB9025D6BF78005C5581 /* ViewController.swift in Sources */ = {isa = PBXBuildFile; fileRef = 52E6FB8F25D6BF78005C5581 /* ViewController.swift */; };
		52E6FB9325D6BF78005C5581 /* Main.storyboard in Resources */ = {isa = PBXBuildFile; fileRef = 52E6FB9125D6BF78005C5581 /* Main.storyboard */; };
		52E6FB9525D6BF7B005C5581 /* Assets.xcassets in Resources */ = {isa = PBXBuildFile; fileRef = 52E6FB9425D6BF7B005C5581 /* Assets.xcassets */; };
		52E6FB9825D6BF7B005C5581 /* LaunchScreen.storyboard in Resources */ = {isa = PBXBuildFile; fileRef = 52E6FB9625D6BF7B005C5581 /* LaunchScreen.storyboard */; };
		52E6FBA625D6C1B5005C5581 /* BaseTVCell.swift in Sources */ = {isa = PBXBuildFile; fileRef = 52E6FBA525D6C1B5005C5581 /* BaseTVCell.swift */; };
		52E6FBAB25D6C1FF005C5581 /* Extensions.swift in Sources */ = {isa = PBXBuildFile; fileRef = 52E6FBAA25D6C1FF005C5581 /* Extensions.swift */; };
		52E6FBBA25D6C6CC005C5581 /* SettingsItem.swift in Sources */ = {isa = PBXBuildFile; fileRef = 52E6FBB925D6C6CC005C5581 /* SettingsItem.swift */; };
		52E6FBBF25D6C7A8005C5581 /* ProfileTableViewCell.swift in Sources */ = {isa = PBXBuildFile; fileRef = 52E6FBBE25D6C7A8005C5581 /* ProfileTableViewCell.swift */; };
		52E6FBC725D6CE23005C5581 /* SettingsTableView.swift in Sources */ = {isa = PBXBuildFile; fileRef = 52E6FBC625D6CE23005C5581 /* SettingsTableView.swift */; };
		52E6FBCA25D6D0D3005C5581 /* ViewModel.swift in Sources */ = {isa = PBXBuildFile; fileRef = 52E6FBC925D6D0D3005C5581 /* ViewModel.swift */; };
		52E88EA625ED54D000ECB62B /* SpaceTableViewCell.swift in Sources */ = {isa = PBXBuildFile; fileRef = 52E88EA525ED54D000ECB62B /* SpaceTableViewCell.swift */; };
/* End PBXBuildFile section */

/* Begin PBXFileReference section */
		1FAFEC76117E93B514820D0A /* Pods_iPhoneSettings.framework */ = {isa = PBXFileReference; explicitFileType = wrapper.framework; includeInIndex = 0; path = Pods_iPhoneSettings.framework; sourceTree = BUILT_PRODUCTS_DIR; };
		52E6FB8825D6BF78005C5581 /* iPhoneSettings.app */ = {isa = PBXFileReference; explicitFileType = wrapper.application; includeInIndex = 0; path = iPhoneSettings.app; sourceTree = BUILT_PRODUCTS_DIR; };
		52E6FB8B25D6BF78005C5581 /* AppDelegate.swift */ = {isa = PBXFileReference; lastKnownFileType = sourcecode.swift; path = AppDelegate.swift; sourceTree = "<group>"; };
		52E6FB8D25D6BF78005C5581 /* SceneDelegate.swift */ = {isa = PBXFileReference; lastKnownFileType = sourcecode.swift; path = SceneDelegate.swift; sourceTree = "<group>"; };
		52E6FB8F25D6BF78005C5581 /* ViewController.swift */ = {isa = PBXFileReference; lastKnownFileType = sourcecode.swift; path = ViewController.swift; sourceTree = "<group>"; };
		52E6FB9225D6BF78005C5581 /* Base */ = {isa = PBXFileReference; lastKnownFileType = file.storyboard; name = Base; path = Base.lproj/Main.storyboard; sourceTree = "<group>"; };
		52E6FB9425D6BF7B005C5581 /* Assets.xcassets */ = {isa = PBXFileReference; lastKnownFileType = folder.assetcatalog; path = Assets.xcassets; sourceTree = "<group>"; };
		52E6FB9725D6BF7B005C5581 /* Base */ = {isa = PBXFileReference; lastKnownFileType = file.storyboard; name = Base; path = Base.lproj/LaunchScreen.storyboard; sourceTree = "<group>"; };
		52E6FB9925D6BF7B005C5581 /* Info.plist */ = {isa = PBXFileReference; lastKnownFileType = text.plist.xml; path = Info.plist; sourceTree = "<group>"; };
		52E6FBA525D6C1B5005C5581 /* BaseTVCell.swift */ = {isa = PBXFileReference; lastKnownFileType = sourcecode.swift; name = BaseTVCell.swift; path = ../../../iPhoneSettings/iPhoneSettings/Base/BaseTVCell.swift; sourceTree = "<group>"; };
		52E6FBAA25D6C1FF005C5581 /* Extensions.swift */ = {isa = PBXFileReference; lastKnownFileType = sourcecode.swift; name = Extensions.swift; path = ../../../iPhoneSettings/iPhoneSettings/Extensions/Extensions.swift; sourceTree = "<group>"; };
		52E6FBB925D6C6CC005C5581 /* SettingsItem.swift */ = {isa = PBXFileReference; lastKnownFileType = sourcecode.swift; name = SettingsItem.swift; path = ../../../iPhoneSettings/iPhoneSettings/Models/SettingsItem.swift; sourceTree = "<group>"; };
		52E6FBBE25D6C7A8005C5581 /* ProfileTableViewCell.swift */ = {isa = PBXFileReference; lastKnownFileType = sourcecode.swift; name = ProfileTableViewCell.swift; path = ../../../../../iPhoneSettings/iPhoneSettings/Main/Views/TableViewCells/ProfileTableViewCell.swift; sourceTree = "<group>"; };
		52E6FBC625D6CE23005C5581 /* SettingsTableView.swift */ = {isa = PBXFileReference; lastKnownFileType = sourcecode.swift; name = SettingsTableView.swift; path = ../../../../../iPhoneSettings/iPhoneSettings/Main/Views/TableViewCells/SettingsTableView.swift; sourceTree = "<group>"; };
		52E6FBC925D6D0D3005C5581 /* ViewModel.swift */ = {isa = PBXFileReference; lastKnownFileType = sourcecode.swift; name = ViewModel.swift; path = ../../../../iPhoneSettings/iPhoneSettings/Main/ViewControllers/ViewModel.swift; sourceTree = "<group>"; };
		52E88EA525ED54D000ECB62B /* SpaceTableViewCell.swift */ = {isa = PBXFileReference; lastKnownFileType = sourcecode.swift; path = SpaceTableViewCell.swift; sourceTree = "<group>"; };
		721BADAF0E1A3EB5C6D90A86 /* Pods-iPhoneSettings.release.xcconfig */ = {isa = PBXFileReference; includeInIndex = 1; lastKnownFileType = text.xcconfig; name = "Pods-iPhoneSettings.release.xcconfig"; path = "Target Support Files/Pods-iPhoneSettings/Pods-iPhoneSettings.release.xcconfig"; sourceTree = "<group>"; };
		F840AC3B151A0ED2520447A9 /* Pods-iPhoneSettings.debug.xcconfig */ = {isa = PBXFileReference; includeInIndex = 1; lastKnownFileType = text.xcconfig; name = "Pods-iPhoneSettings.debug.xcconfig"; path = "Target Support Files/Pods-iPhoneSettings/Pods-iPhoneSettings.debug.xcconfig"; sourceTree = "<group>"; };
/* End PBXFileReference section */

/* Begin PBXFrameworksBuildPhase section */
		52E6FB8525D6BF78005C5581 /* Frameworks */ = {
			isa = PBXFrameworksBuildPhase;
			buildActionMask = 2147483647;
			files = (
				52C8521004250BBFE71E6241 /* Pods_iPhoneSettings.framework in Frameworks */,
			);
			runOnlyForDeploymentPostprocessing = 0;
		};
/* End PBXFrameworksBuildPhase section */

/* Begin PBXGroup section */
		52E6FB7F25D6BF78005C5581 = {
			isa = PBXGroup;
			children = (
				52E6FB8A25D6BF78005C5581 /* iPhoneSettings */,
				52E6FB8925D6BF78005C5581 /* Products */,
				FCED346DCF7D87F572DE7195 /* Pods */,
				E50C9D05D0D9415EECEF26D6 /* Frameworks */,
			);
			sourceTree = "<group>";
		};
		52E6FB8925D6BF78005C5581 /* Products */ = {
			isa = PBXGroup;
			children = (
				52E6FB8825D6BF78005C5581 /* iPhoneSettings.app */,
			);
			name = Products;
			sourceTree = "<group>";
		};
		52E6FB8A25D6BF78005C5581 /* iPhoneSettings */ = {
			isa = PBXGroup;
			children = (
				52E6FBA325D6C192005C5581 /* Base */,
				52E6FBA925D6C1D8005C5581 /* Extensions */,
				52E6FBAD25D6C239005C5581 /* Models */,
				52E6FBBC25D6C76A005C5581 /* Main */,
				52E6FB8B25D6BF78005C5581 /* AppDelegate.swift */,
				52E6FB8D25D6BF78005C5581 /* SceneDelegate.swift */,
				52E6FB9125D6BF78005C5581 /* Main.storyboard */,
				52E6FB9425D6BF7B005C5581 /* Assets.xcassets */,
				52E6FB9625D6BF7B005C5581 /* LaunchScreen.storyboard */,
				52E6FB9925D6BF7B005C5581 /* Info.plist */,
			);
			path = iPhoneSettings;
			sourceTree = "<group>";
		};
		52E6FBA325D6C192005C5581 /* Base */ = {
			isa = PBXGroup;
			children = (
				52E6FBA525D6C1B5005C5581 /* BaseTVCell.swift */,
			);
			path = Base;
			sourceTree = "<group>";
		};
		52E6FBA925D6C1D8005C5581 /* Extensions */ = {
			isa = PBXGroup;
			children = (
				52E6FBAA25D6C1FF005C5581 /* Extensions.swift */,
			);
			path = Extensions;
			sourceTree = "<group>";
		};
		52E6FBAD25D6C239005C5581 /* Models */ = {
			isa = PBXGroup;
			children = (
				52E6FBB925D6C6CC005C5581 /* SettingsItem.swift */,
			);
			path = Models;
			sourceTree = "<group>";
		};
		52E6FBAE25D6C473005C5581 /* ViewControllers */ = {
			isa = PBXGroup;
			children = (
				52E6FB8F25D6BF78005C5581 /* ViewController.swift */,
				52E6FBC925D6D0D3005C5581 /* ViewModel.swift */,
			);
			path = ViewControllers;
			sourceTree = "<group>";
		};
		52E6FBAF25D6C4CE005C5581 /* TableViewCells */ = {
			isa = PBXGroup;
			children = (
				52E6FBBE25D6C7A8005C5581 /* ProfileTableViewCell.swift */,
				52E88EA525ED54D000ECB62B /* SpaceTableViewCell.swift */,
				52E6FBC625D6CE23005C5581 /* SettingsTableView.swift */,
			);
			path = TableViewCells;
			sourceTree = "<group>";
		};
		52E6FBB025D6C4E0005C5581 /* Views */ = {
			isa = PBXGroup;
			children = (
				52E6FBAF25D6C4CE005C5581 /* TableViewCells */,
			);
			path = Views;
			sourceTree = "<group>";
		};
		52E6FBBC25D6C76A005C5581 /* Main */ = {
			isa = PBXGroup;
			children = (
				52E6FBAE25D6C473005C5581 /* ViewControllers */,
				52E6FBB025D6C4E0005C5581 /* Views */,
			);
			path = Main;
			sourceTree = "<group>";
		};
		E50C9D05D0D9415EECEF26D6 /* Frameworks */ = {
			isa = PBXGroup;
			children = (
				1FAFEC76117E93B514820D0A /* Pods_iPhoneSettings.framework */,
			);
			name = Frameworks;
			sourceTree = "<group>";
		};
		FCED346DCF7D87F572DE7195 /* Pods */ = {
			isa = PBXGroup;
			children = (
				F840AC3B151A0ED2520447A9 /* Pods-iPhoneSettings.debug.xcconfig */,
				721BADAF0E1A3EB5C6D90A86 /* Pods-iPhoneSettings.release.xcconfig */,
			);
			path = Pods;
			sourceTree = "<group>";
		};
/* End PBXGroup section */

/* Begin PBXNativeTarget section */
		52E6FB8725D6BF78005C5581 /* iPhoneSettings */ = {
			isa = PBXNativeTarget;
			buildConfigurationList = 52E6FB9C25D6BF7B005C5581 /* Build configuration list for PBXNativeTarget "iPhoneSettings" */;
			buildPhases = (
				18F08A1294D43E2593D5CE0B /* [CP] Check Pods Manifest.lock */,
				52E6FB8425D6BF78005C5581 /* Sources */,
				52E6FB8525D6BF78005C5581 /* Frameworks */,
				52E6FB8625D6BF78005C5581 /* Resources */,
				465CFD3AFD4D032EA9D58D8D /* [CP] Embed Pods Frameworks */,
			);
			buildRules = (
			);
			dependencies = (
			);
			name = iPhoneSettings;
			productName = iPhoneSettings;
			productReference = 52E6FB8825D6BF78005C5581 /* iPhoneSettings.app */;
			productType = "com.apple.product-type.application";
		};
/* End PBXNativeTarget section */

/* Begin PBXProject section */
		52E6FB8025D6BF78005C5581 /* Project object */ = {
			isa = PBXProject;
			attributes = {
				LastSwiftUpdateCheck = 1230;
				LastUpgradeCheck = 1230;
				TargetAttributes = {
					52E6FB8725D6BF78005C5581 = {
						CreatedOnToolsVersion = 12.3;
					};
				};
			};
			buildConfigurationList = 52E6FB8325D6BF78005C5581 /* Build configuration list for PBXProject "iPhoneSettings" */;
			compatibilityVersion = "Xcode 9.3";
			developmentRegion = en;
			hasScannedForEncodings = 0;
			knownRegions = (
				en,
				Base,
			);
			mainGroup = 52E6FB7F25D6BF78005C5581;
			productRefGroup = 52E6FB8925D6BF78005C5581 /* Products */;
			projectDirPath = "";
			projectRoot = "";
			targets = (
				52E6FB8725D6BF78005C5581 /* iPhoneSettings */,
			);
		};
/* End PBXProject section */

/* Begin PBXResourcesBuildPhase section */
		52E6FB8625D6BF78005C5581 /* Resources */ = {
			isa = PBXResourcesBuildPhase;
			buildActionMask = 2147483647;
			files = (
				52E6FB9825D6BF7B005C5581 /* LaunchScreen.storyboard in Resources */,
				52E6FB9525D6BF7B005C5581 /* Assets.xcassets in Resources */,
				52E6FB9325D6BF78005C5581 /* Main.storyboard in Resources */,
			);
			runOnlyForDeploymentPostprocessing = 0;
		};
/* End PBXResourcesBuildPhase section */

/* Begin PBXShellScriptBuildPhase section */
		18F08A1294D43E2593D5CE0B /* [CP] Check Pods Manifest.lock */ = {
			isa = PBXShellScriptBuildPhase;
			buildActionMask = 2147483647;
			files = (
			);
			inputFileListPaths = (
			);
			inputPaths = (
				"${PODS_PODFILE_DIR_PATH}/Podfile.lock",
				"${PODS_ROOT}/Manifest.lock",
			);
			name = "[CP] Check Pods Manifest.lock";
			outputFileListPaths = (
			);
			outputPaths = (
				"$(DERIVED_FILE_DIR)/Pods-iPhoneSettings-checkManifestLockResult.txt",
			);
			runOnlyForDeploymentPostprocessing = 0;
			shellPath = /bin/sh;
			shellScript = "diff \"${PODS_PODFILE_DIR_PATH}/Podfile.lock\" \"${PODS_ROOT}/Manifest.lock\" > /dev/null\nif [ $? != 0 ] ; then\n    # print error to STDERR\n    echo \"error: The sandbox is not in sync with the Podfile.lock. Run 'pod install' or update your CocoaPods installation.\" >&2\n    exit 1\nfi\n# This output is used by Xcode 'outputs' to avoid re-running this script phase.\necho \"SUCCESS\" > \"${SCRIPT_OUTPUT_FILE_0}\"\n";
			showEnvVarsInLog = 0;
		};
		465CFD3AFD4D032EA9D58D8D /* [CP] Embed Pods Frameworks */ = {
			isa = PBXShellScriptBuildPhase;
			buildActionMask = 2147483647;
			files = (
			);
			inputFileListPaths = (
				"${PODS_ROOT}/Target Support Files/Pods-iPhoneSettings/Pods-iPhoneSettings-frameworks-${CONFIGURATION}-input-files.xcfilelist",
			);
			name = "[CP] Embed Pods Frameworks";
			outputFileListPaths = (
				"${PODS_ROOT}/Target Support Files/Pods-iPhoneSettings/Pods-iPhoneSettings-frameworks-${CONFIGURATION}-output-files.xcfilelist",
			);
			runOnlyForDeploymentPostprocessing = 0;
			shellPath = /bin/sh;
			shellScript = "\"${PODS_ROOT}/Target Support Files/Pods-iPhoneSettings/Pods-iPhoneSettings-frameworks.sh\"\n";
			showEnvVarsInLog = 0;
		};
/* End PBXShellScriptBuildPhase section */

/* Begin PBXSourcesBuildPhase section */
		52E6FB8425D6BF78005C5581 /* Sources */ = {
			isa = PBXSourcesBuildPhase;
			buildActionMask = 2147483647;
			files = (
				52E6FBCA25D6D0D3005C5581 /* ViewModel.swift in Sources */,
				52E6FBAB25D6C1FF005C5581 /* Extensions.swift in Sources */,
				52E88EA625ED54D000ECB62B /* SpaceTableViewCell.swift in Sources */,
				52E6FBBF25D6C7A8005C5581 /* ProfileTableViewCell.swift in Sources */,
				52E6FBBA25D6C6CC005C5581 /* SettingsItem.swift in Sources */,
				52E6FBC725D6CE23005C5581 /* SettingsTableView.swift in Sources */,
				52E6FBA625D6C1B5005C5581 /* BaseTVCell.swift in Sources */,
				52E6FB9025D6BF78005C5581 /* ViewController.swift in Sources */,
				52E6FB8C25D6BF78005C5581 /* AppDelegate.swift in Sources */,
				52E6FB8E25D6BF78005C5581 /* SceneDelegate.swift in Sources */,
			);
			runOnlyForDeploymentPostprocessing = 0;
		};
/* End PBXSourcesBuildPhase section */

/* Begin PBXVariantGroup section */
		52E6FB9125D6BF78005C5581 /* Main.storyboard */ = {
			isa = PBXVariantGroup;
			children = (
				52E6FB9225D6BF78005C5581 /* Base */,
			);
			name = Main.storyboard;
			sourceTree = "<group>";
		};
		52E6FB9625D6BF7B005C5581 /* LaunchScreen.storyboard */ = {
			isa = PBXVariantGroup;
			children = (
				52E6FB9725D6BF7B005C5581 /* Base */,
			);
			name = LaunchScreen.storyboard;
			sourceTree = "<group>";
		};
/* End PBXVariantGroup section */

/* Begin XCBuildConfiguration section */
		52E6FB9A25D6BF7B005C5581 /* Debug */ = {
			isa = XCBuildConfiguration;
			buildSettings = {
				ALWAYS_SEARCH_USER_PATHS = NO;
				CLANG_ANALYZER_NONNULL = YES;
				CLANG_ANALYZER_NUMBER_OBJECT_CONVERSION = YES_AGGRESSIVE;
				CLANG_CXX_LANGUAGE_STANDARD = "gnu++14";
				CLANG_CXX_LIBRARY = "libc++";
				CLANG_ENABLE_MODULES = YES;
				CLANG_ENABLE_OBJC_ARC = YES;
				CLANG_ENABLE_OBJC_WEAK = YES;
				CLANG_WARN_BLOCK_CAPTURE_AUTORELEASING = YES;
				CLANG_WARN_BOOL_CONVERSION = YES;
				CLANG_WARN_COMMA = YES;
				CLANG_WARN_CONSTANT_CONVERSION = YES;
				CLANG_WARN_DEPRECATED_OBJC_IMPLEMENTATIONS = YES;
				CLANG_WARN_DIRECT_OBJC_ISA_USAGE = YES_ERROR;
				CLANG_WARN_DOCUMENTATION_COMMENTS = YES;
				CLANG_WARN_EMPTY_BODY = YES;
				CLANG_WARN_ENUM_CONVERSION = YES;
				CLANG_WARN_INFINITE_RECURSION = YES;
				CLANG_WARN_INT_CONVERSION = YES;
				CLANG_WARN_NON_LITERAL_NULL_CONVERSION = YES;
				CLANG_WARN_OBJC_IMPLICIT_RETAIN_SELF = YES;
				CLANG_WARN_OBJC_LITERAL_CONVERSION = YES;
				CLANG_WARN_OBJC_ROOT_CLASS = YES_ERROR;
				CLANG_WARN_QUOTED_INCLUDE_IN_FRAMEWORK_HEADER = YES;
				CLANG_WARN_RANGE_LOOP_ANALYSIS = YES;
				CLANG_WARN_STRICT_PROTOTYPES = YES;
				CLANG_WARN_SUSPICIOUS_MOVE = YES;
				CLANG_WARN_UNGUARDED_AVAILABILITY = YES_AGGRESSIVE;
				CLANG_WARN_UNREACHABLE_CODE = YES;
				CLANG_WARN__DUPLICATE_METHOD_MATCH = YES;
				COPY_PHASE_STRIP = NO;
				DEBUG_INFORMATION_FORMAT = dwarf;
				ENABLE_STRICT_OBJC_MSGSEND = YES;
				ENABLE_TESTABILITY = YES;
				GCC_C_LANGUAGE_STANDARD = gnu11;
				GCC_DYNAMIC_NO_PIC = NO;
				GCC_NO_COMMON_BLOCKS = YES;
				GCC_OPTIMIZATION_LEVEL = 0;
				GCC_PREPROCESSOR_DEFINITIONS = (
					"DEBUG=1",
					"$(inherited)",
				);
				GCC_WARN_64_TO_32_BIT_CONVERSION = YES;
				GCC_WARN_ABOUT_RETURN_TYPE = YES_ERROR;
				GCC_WARN_UNDECLARED_SELECTOR = YES;
				GCC_WARN_UNINITIALIZED_AUTOS = YES_AGGRESSIVE;
				GCC_WARN_UNUSED_FUNCTION = YES;
				GCC_WARN_UNUSED_VARIABLE = YES;
				IPHONEOS_DEPLOYMENT_TARGET = 14.3;
				MTL_ENABLE_DEBUG_INFO = INCLUDE_SOURCE;
				MTL_FAST_MATH = YES;
				ONLY_ACTIVE_ARCH = YES;
				SDKROOT = iphoneos;
				SWIFT_ACTIVE_COMPILATION_CONDITIONS = DEBUG;
				SWIFT_OPTIMIZATION_LEVEL = "-Onone";
			};
			name = Debug;
		};
		52E6FB9B25D6BF7B005C5581 /* Release */ = {
			isa = XCBuildConfiguration;
			buildSettings = {
				ALWAYS_SEARCH_USER_PATHS = NO;
				CLANG_ANALYZER_NONNULL = YES;
				CLANG_ANALYZER_NUMBER_OBJECT_CONVERSION = YES_AGGRESSIVE;
				CLANG_CXX_LANGUAGE_STANDARD = "gnu++14";
				CLANG_CXX_LIBRARY = "libc++";
				CLANG_ENABLE_MODULES = YES;
				CLANG_ENABLE_OBJC_ARC = YES;
				CLANG_ENABLE_OBJC_WEAK = YES;
				CLANG_WARN_BLOCK_CAPTURE_AUTORELEASING = YES;
				CLANG_WARN_BOOL_CONVERSION = YES;
				CLANG_WARN_COMMA = YES;
				CLANG_WARN_CONSTANT_CONVERSION = YES;
				CLANG_WARN_DEPRECATED_OBJC_IMPLEMENTATIONS = YES;
				CLANG_WARN_DIRECT_OBJC_ISA_USAGE = YES_ERROR;
				CLANG_WARN_DOCUMENTATION_COMMENTS = YES;
				CLANG_WARN_EMPTY_BODY = YES;
				CLANG_WARN_ENUM_CONVERSION = YES;
				CLANG_WARN_INFINITE_RECURSION = YES;
				CLANG_WARN_INT_CONVERSION = YES;
				CLANG_WARN_NON_LITERAL_NULL_CONVERSION = YES;
				CLANG_WARN_OBJC_IMPLICIT_RETAIN_SELF = YES;
				CLANG_WARN_OBJC_LITERAL_CONVERSION = YES;
				CLANG_WARN_OBJC_ROOT_CLASS = YES_ERROR;
				CLANG_WARN_QUOTED_INCLUDE_IN_FRAMEWORK_HEADER = YES;
				CLANG_WARN_RANGE_LOOP_ANALYSIS = YES;
				CLANG_WARN_STRICT_PROTOTYPES = YES;
				CLANG_WARN_SUSPICIOUS_MOVE = YES;
				CLANG_WARN_UNGUARDED_AVAILABILITY = YES_AGGRESSIVE;
				CLANG_WARN_UNREACHABLE_CODE = YES;
				CLANG_WARN__DUPLICATE_METHOD_MATCH = YES;
				COPY_PHASE_STRIP = NO;
				DEBUG_INFORMATION_FORMAT = "dwarf-with-dsym";
				ENABLE_NS_ASSERTIONS = NO;
				ENABLE_STRICT_OBJC_MSGSEND = YES;
				GCC_C_LANGUAGE_STANDARD = gnu11;
				GCC_NO_COMMON_BLOCKS = YES;
				GCC_WARN_64_TO_32_BIT_CONVERSION = YES;
				GCC_WARN_ABOUT_RETURN_TYPE = YES_ERROR;
				GCC_WARN_UNDECLARED_SELECTOR = YES;
				GCC_WARN_UNINITIALIZED_AUTOS = YES_AGGRESSIVE;
				GCC_WARN_UNUSED_FUNCTION = YES;
				GCC_WARN_UNUSED_VARIABLE = YES;
				IPHONEOS_DEPLOYMENT_TARGET = 14.3;
				MTL_ENABLE_DEBUG_INFO = NO;
				MTL_FAST_MATH = YES;
				SDKROOT = iphoneos;
				SWIFT_COMPILATION_MODE = wholemodule;
				SWIFT_OPTIMIZATION_LEVEL = "-O";
				VALIDATE_PRODUCT = YES;
			};
			name = Release;
		};
		52E6FB9D25D6BF7B005C5581 /* Debug */ = {
			isa = XCBuildConfiguration;
			baseConfigurationReference = F840AC3B151A0ED2520447A9 /* Pods-iPhoneSettings.debug.xcconfig */;
			buildSettings = {
				ASSETCATALOG_COMPILER_APPICON_NAME = AppIcon;
				ASSETCATALOG_COMPILER_GLOBAL_ACCENT_COLOR_NAME = AccentColor;
				CODE_SIGN_STYLE = Automatic;
				INFOPLIST_FILE = iPhoneSettings/Info.plist;
				LD_RUNPATH_SEARCH_PATHS = (
					"$(inherited)",
					"@executable_path/Frameworks",
				);
				PRODUCT_BUNDLE_IDENTIFIER = com.alis.iPhoneSettings;
				PRODUCT_NAME = "$(TARGET_NAME)";
				SWIFT_VERSION = 5.0;
				TARGETED_DEVICE_FAMILY = "1,2";
			};
			name = Debug;
		};
		52E6FB9E25D6BF7B005C5581 /* Release */ = {
			isa = XCBuildConfiguration;
			baseConfigurationReference = 721BADAF0E1A3EB5C6D90A86 /* Pods-iPhoneSettings.release.xcconfig */;
			buildSettings = {
				ASSETCATALOG_COMPILER_APPICON_NAME = AppIcon;
				ASSETCATALOG_COMPILER_GLOBAL_ACCENT_COLOR_NAME = AccentColor;
				CODE_SIGN_STYLE = Automatic;
				INFOPLIST_FILE = iPhoneSettings/Info.plist;
				LD_RUNPATH_SEARCH_PATHS = (
					"$(inherited)",
					"@executable_path/Frameworks",
				);
				PRODUCT_BUNDLE_IDENTIFIER = com.alis.iPhoneSettings;
				PRODUCT_NAME = "$(TARGET_NAME)";
				SWIFT_VERSION = 5.0;
				TARGETED_DEVICE_FAMILY = "1,2";
			};
			name = Release;
		};
/* End XCBuildConfiguration section */

/* Begin XCConfigurationList section */
		52E6FB8325D6BF78005C5581 /* Build configuration list for PBXProject "iPhoneSettings" */ = {
			isa = XCConfigurationList;
			buildConfigurations = (
				52E6FB9A25D6BF7B005C5581 /* Debug */,
				52E6FB9B25D6BF7B005C5581 /* Release */,
			);
			defaultConfigurationIsVisible = 0;
			defaultConfigurationName = Release;
		};
		52E6FB9C25D6BF7B005C5581 /* Build configuration list for PBXNativeTarget "iPhoneSettings" */ = {
			isa = XCConfigurationList;
			buildConfigurations = (
				52E6FB9D25D6BF7B005C5581 /* Debug */,
				52E6FB9E25D6BF7B005C5581 /* Release */,
			);
			defaultConfigurationIsVisible = 0;
			defaultConfigurationName = Release;
		};
/* End XCConfigurationList section */
	};
	rootObject = 52E6FB8025D6BF78005C5581 /* Project object */;
}
